{
  "name": "node-pty-smoke-test",
  "lockfileVersion": 3,
  "requires": true,
  "packages": {
    "": {
      "dependencies": {
        "@lydell/node-pty": "1.2.0-beta.3",
        "node-pty": "1.2.0-beta.3"
      }
    },
    "node_modules/@lydell/node-pty": {
      "version": "1.2.0-beta.3",
      "resolved": "https://registry.npmjs.org/@lydell/node-pty/-/node-pty-1.2.0-beta.3.tgz",
      "integrity": "sha512-ngGAItlRhmJXrhspxt8kX13n1dVFqzETOq0m/+gqSkO8NJBvNMwP7FZckMwps2UFySdr4yxCXNGu/bumg5at6A==",
      "license": "MIT",
      "optionalDependencies": {
        "@lydell/node-pty-darwin-arm64": "1.2.0-beta.3",
        "@lydell/node-pty-darwin-x64": "1.2.0-beta.3",
        "@lydell/node-pty-linux-arm64": "1.2.0-beta.3",
        "@lydell/node-pty-linux-x64": "1.2.0-beta.3",
        "@lydell/node-pty-win32-arm64": "1.2.0-beta.3",
        "@lydell/node-pty-win32-x64": "1.2.0-beta.3"
      }
    },
    "node_modules/@lydell/node-pty-darwin-arm64": {
      "version": "1.2.0-beta.3",
      "resolved": "https://registry.npmjs.org/@lydell/node-pty-darwin-arm64/-/node-pty-darwin-arm64-1.2.0-beta.3.tgz",
      "integrity": "sha512-owcv+e1/OSu3bf9ZBdUQqJsQF888KyuSIiPYFNn0fLhgkhm9F3Pvha76Kj5mCPnodf7hh3suDe7upw7GPRXftQ==",
      "cpu": [
        "arm64"
      ],
      "license": "MIT",
      "optional": true,
      "os": [
        "darwin"
      ]
    },
    "node_modules/@lydell/node-pty-darwin-x64": {
      "version": "1.2.0-beta.3",
      "resolved": "https://registry.npmjs.org/@lydell/node-pty-darwin-x64/-/node-pty-darwin-x64-1.2.0-beta.3.tgz",
      "integrity": "sha512-k38O+UviWrWdxtqZBBc/D8NJU11Rey8Y2YMwSWNxLv3eXZZdF5IVpbBkI/2RmLsV5nCcciqLPbukxeZnEfPlwA==",
      "cpu": [
        "x64"
      ],
      "license": "MIT",
      "optional": true,
      "os": [
        "darwin"
      ]
    },
    "node_modules/@lydell/node-pty-linux-arm64": {
      "version": "1.2.0-beta.3",
      "resolved": "https://registry.npmjs.org/@lydell/node-pty-linux-arm64/-/node-pty-linux-arm64-1.2.0-beta.3.tgz",
      "integrity": "sha512-HUwRpGu3O+4sv9DAQFKnyW5LYhyYu2SDUa/bdFO/t4dIFCM4uDJEq47wfRM7+aYtJTi1b3lakN8SlWeuFQqJQQ==",
      "cpu": [
        "arm64"
      ],
      "license": "MIT",
      "optional": true,
      "os": [
        "linux"
      ]
    },
    "node_modules/@lydell/node-pty-linux-x64": {
      "version": "1.2.0-beta.3",
      "resolved": "https://registry.npmjs.org/@lydell/node-pty-linux-x64/-/node-pty-linux-x64-1.2.0-beta.3.tgz",
      "integrity": "sha512-+RRY0PoCUeQaCvPR7/UnkGbxulwbFtoTWJfe+o4T1RcNtngrgaI55I9nl8CD8uqhGrB3smKuyvPM5UtwGhASUw==",
      "cpu": [
        "x64"
      ],
      "license": "MIT",
      "optional": true,
      "os": [
        "linux"
      ]
    },
    "node_modules/@lydell/node-pty-win32-arm64": {
      "version": "1.2.0-beta.3",
      "resolved": "https://registry.npmjs.org/@lydell/node-pty-win32-arm64/-/node-pty-win32-arm64-1.2.0-beta.3.tgz",
      "integrity": "sha512-UEDd9ASp2M3iIYpIzfmfBlpyn4+K1G4CAjYcHWStptCkefoSVXWTiUBIa1KjBjZi3/xmsHIDpBEYTkGWuvLt2Q==",
      "cpu": [
        "arm64"
      ],
      "license": "MIT",
      "optional": true,
      "os": [
        "win32"
      ]
    },
    "node_modules/@lydell/node-pty-win32-x64": {
      "version": "1.2.0-beta.3",
      "resolved": "https://registry.npmjs.org/@lydell/node-pty-win32-x64/-/node-pty-win32-x64-1.2.0-beta.3.tgz",
      "integrity": "sha512-TpdqSFYx7/Rj+68tuP6F/lkRYrHCYAIJgaS1bx3SctTkb5QAQCFwOKHd4xlsivmEOMT2LdhkJggPxwX9PAO5pQ==",
      "cpu": [
        "x64"
      ],
      "license": "MIT",
      "optional": true,
      "os": [
        "win32"
      ]
    },
    "node_modules/node-addon-api": {
      "version": "7.1.1",
      "resolved": "https://registry.npmjs.org/node-addon-api/-/node-addon-api-7.1.1.tgz",
      "integrity": "sha512-5m3bsyrjFWE1xf7nz7YXdN4udnVtXK6/Yfgn5qnahL6bCkf2yKt4k3nuTKAtT4r3IG8JNR2ncsIMdZuAzJjHQQ==",
      "license": "MIT"
    },
    "node_modules/node-pty": {
      "version": "1.2.0-beta.3",
      "resolved": "https://registry.npmjs.org/node-pty/-/node-pty-1.2.0-beta.3.tgz",
      "integrity": "sha512-SeAwG9LgWijWLtWldBWPwUUA1rAg2OKBG37dtSGOTYvBkUstWxAi2hXS0pX9JXbHPDxs0DnVc5tXrXsY821E+w==",
      "hasInstallScript": true,
      "license": "MIT",
      "dependencies": {
        "node-addon-api": "^7.1.0"
      }
    }
  }
}
